// !$*UTF8*$!
{
	archiveVersion = 1;
	classes = {
	};
	objectVersion = 46;
	objects = {

/* Begin PBXBuildFile section */
		B16511071FB3065F00743296 /* main.m in Sources */ = {isa = PBXBuildFile; fileRef = B16511061FB3065F00743296 /* main.m */; };
		B165110A1FB3065F00743296 /* AppDelegate.m in Sources */ = {isa = PBXBuildFile; fileRef = B16511091FB3065F00743296 /* AppDelegate.m */; };
		B165110D1FB3065F00743296 /* ViewController.m in Sources */ = {isa = PBXBuildFile; fileRef = B165110C1FB3065F00743296 /* ViewController.m */; };
		B16511101FB3065F00743296 /* Main.storyboard in Resources */ = {isa = PBXBuildFile; fileRef = B165110E1FB3065F00743296 /* Main.storyboard */; };
		B16511121FB3065F00743296 /* Assets.xcassets in Resources */ = {isa = PBXBuildFile; fileRef = B16511111FB3065F00743296 /* Assets.xcassets */; };
		B16511151FB3065F00743296 /* LaunchScreen.storyboard in Resources */ = {isa = PBXBuildFile; fileRef = B16511131FB3065F00743296 /* LaunchScreen.storyboard */; };
		B16511201FB306F400743296 /* YSDoubleSilderV.m in Sources */ = {isa = PBXBuildFile; fileRef = B165111E1FB306F400743296 /* YSDoubleSilderV.m */; };
		B16511211FB306F400743296 /* YSDoubleSilderV.xib in Resources */ = {isa = PBXBuildFile; fileRef = B165111F1FB306F400743296 /* YSDoubleSilderV.xib */; };
/* End PBXBuildFile section */

/* Begin PBXFileReference section */
		B16511021FB3065F00743296 /* YSDoubleSilderDemo.app */ = {isa = PBXFileReference; explicitFileType = wrapper.application; includeInIndex = 0; path = YSDoubleSilderDemo.app; sourceTree = BUILT_PRODUCTS_DIR; };
		B16511061FB3065F00743296 /* main.m */ = {isa = PBXFileReference; lastKnownFileType = sourcecode.c.objc; path = main.m; sourceTree = "<group>"; };
		B16511081FB3065F00743296 /* AppDelegate.h */ = {isa = PBXFileReference; lastKnownFileType = sourcecode.c.h; path = AppDelegate.h; sourceTree = "<group>"; };
		B16511091FB3065F00743296 /* AppDelegate.m */ = {isa = PBXFileReference; lastKnownFileType = sourcecode.c.objc; path = AppDelegate.m; sourceTree = "<group>"; };
		B165110B1FB3065F00743296 /* ViewController.h */ = {isa = PBXFileReference; lastKnownFileType = sourcecode.c.h; path = ViewController.h; sourceTree = "<group>"; };
		B165110C1FB3065F00743296 /* ViewController.m */ = {isa = PBXFileReference; lastKnownFileType = sourcecode.c.objc; path = ViewController.m; sourceTree = "<group>"; };
		B165110F1FB3065F00743296 /* Base */ = {isa = PBXFileReference; lastKnownFileType = file.storyboard; name = Base; path = Base.lproj/Main.storyboard; sourceTree = "<group>"; };
		B16511111FB3065F00743296 /* Assets.xcassets */ = {isa = PBXFileReference; lastKnownFileType = folder.assetcatalog; path = Assets.xcassets; sourceTree = "<group>"; };
		B16511141FB3065F00743296 /* Base */ = {isa = PBXFileReference; lastKnownFileType = file.storyboard; name = Base; path = Base.lproj/LaunchScreen.storyboard; sourceTree = "<group>"; };
		B16511161FB3065F00743296 /* Info.plist */ = {isa = PBXFileReference; lastKnownFileType = text.plist.xml; path = Info.plist; sourceTree = "<group>"; };
		B165111D1FB306F400743296 /* YSDoubleSilderV.h */ = {isa = PBXFileReference; fileEncoding = 4; lastKnownFileType = sourcecode.c.h; path = YSDoubleSilderV.h; sourceTree = "<group>"; };
		B165111E1FB306F400743296 /* YSDoubleSilderV.m */ = {isa = PBXFileReference; fileEncoding = 4; lastKnownFileType = sourcecode.c.objc; path = YSDoubleSilderV.m; sourceTree = "<group>"; };
		B165111F1FB306F400743296 /* YSDoubleSilderV.xib */ = {isa = PBXFileReference; fileEncoding = 4; lastKnownFileType = file.xib; path = YSDoubleSilderV.xib; sourceTree = "<group>"; };
/* End PBXFileReference section */

/* Begin PBXFrameworksBuildPhase section */
		B16510FF1FB3065F00743296 /* Frameworks */ = {
			isa = PBXFrameworksBuildPhase;
			buildActionMask = 2147483647;
			files = (
			);
			runOnlyForDeploymentPostprocessing = 0;
		};
/* End PBXFrameworksBuildPhase section */

/* Begin PBXGroup section */
		B16510F91FB3065F00743296 = {
			isa = PBXGroup;
			children = (
				B16511041FB3065F00743296 /* YSDoubleSilderDemo */,
				B16511031FB3065F00743296 /* Products */,
			);
			sourceTree = "<group>";
		};
		B16511031FB3065F00743296 /* Products */ = {
			isa = PBXGroup;
			children = (
				B16511021FB3065F00743296 /* YSDoubleSilderDemo.app */,
			);
			name = Products;
			sourceTree = "<group>";
		};
		B16511041FB3065F00743296 /* YSDoubleSilderDemo */ = {
			isa = PBXGroup;
			children = (
				B165111C1FB306F400743296 /* DoubleSilderV */,
				B16511081FB3065F00743296 /* AppDelegate.h */,
				B16511091FB3065F00743296 /* AppDelegate.m */,
				B165110B1FB3065F00743296 /* ViewController.h */,
				B165110C1FB3065F00743296 /* ViewController.m */,
				B165110E1FB3065F00743296 /* Main.storyboard */,
				B16511111FB3065F00743296 /* Assets.xcassets */,
				B16511131FB3065F00743296 /* LaunchScreen.storyboard */,
				B16511161FB3065F00743296 /* Info.plist */,
				B16511051FB3065F00743296 /* Supporting Files */,
			);
			path = YSDoubleSilderDemo;
			sourceTree = "<group>";
		};
		B16511051FB3065F00743296 /* Supporting Files */ = {
			isa = PBXGroup;
			children = (
				B16511061FB3065F00743296 /* main.m */,
			);
			name = "Supporting Files";
			sourceTree = "<group>";
		};
		B165111C1FB306F400743296 /* DoubleSilderV */ = {
			isa = PBXGroup;
			children = (
				B165111D1FB306F400743296 /* YSDoubleSilderV.h */,
				B165111E1FB306F400743296 /* YSDoubleSilderV.m */,
				B165111F1FB306F400743296 /* YSDoubleSilderV.xib */,
			);
			path = DoubleSilderV;
			sourceTree = "<group>";
		};
/* End PBXGroup section */

/* Begin PBXNativeTarget section */
		B16511011FB3065F00743296 /* YSDoubleSilderDemo */ = {
			isa = PBXNativeTarget;
			buildConfigurationList = B16511191FB3065F00743296 /* Build configuration list for PBXNativeTarget "YSDoubleSilderDemo" */;
			buildPhases = (
				B16510FE1FB3065F00743296 /* Sources */,
				B16510FF1FB3065F00743296 /* Frameworks */,
				B16511001FB3065F00743296 /* Resources */,
			);
			buildRules = (
			);
			dependencies = (
			);
			name = YSDoubleSilderDemo;
			productName = YSDoubleSilderDemo;
			productReference = B16511021FB3065F00743296 /* YSDoubleSilderDemo.app */;
			productType = "com.apple.product-type.application";
		};
/* End PBXNativeTarget section */

/* Begin PBXProject section */
		B16510FA1FB3065F00743296 /* Project object */ = {
			isa = PBXProject;
			attributes = {
				LastUpgradeCheck = 0830;
				ORGANIZATIONNAME = bm;
				TargetAttributes = {
					B16511011FB3065F00743296 = {
						CreatedOnToolsVersion = 8.3.3;
						ProvisioningStyle = Automatic;
					};
				};
			};
			buildConfigurationList = B16510FD1FB3065F00743296 /* Build configuration list for PBXProject "YSDoubleSilderDemo" */;
			compatibilityVersion = "Xcode 3.2";
			developmentRegion = English;
			hasScannedForEncodings = 0;
			knownRegions = (
				en,
				Base,
			);
			mainGroup = B16510F91FB3065F00743296;
			productRefGroup = B16511031FB3065F00743296 /* Products */;
			projectDirPath = "";
			projectRoot = "";
			targets = (
				B16511011FB3065F00743296 /* YSDoubleSilderDemo */,
			);
		};
/* End PBXProject section */

/* Begin PBXResourcesBuildPhase section */
		B16511001FB3065F00743296 /* Resources */ = {
			isa = PBXResourcesBuildPhase;
			buildActionMask = 2147483647;
			files = (
				B16511211FB306F400743296 /* YSDoubleSilderV.xib in Resources */,
				B16511151FB3065F00743296 /* LaunchScreen.storyboard in Resources */,
				B16511121FB3065F00743296 /* Assets.xcassets in Resources */,
				B16511101FB3065F00743296 /* Main.storyboard in Resources */,
			);
			runOnlyForDeploymentPostprocessing = 0;
		};
/* End PBXResourcesBuildPhase section */

/* Begin PBXSourcesBuildPhase section */
		B16510FE1FB3065F00743296 /* Sources */ = {
			isa = PBXSourcesBuildPhase;
			buildActionMask = 2147483647;
			files = (
				B16511201FB306F400743296 /* YSDoubleSilderV.m in Sources */,
				B165110D1FB3065F00743296 /* ViewController.m in Sources */,
				B165110A1FB3065F00743296 /* AppDelegate.m in Sources */,
				B16511071FB3065F00743296 /* main.m in Sources */,
			);
			runOnlyForDeploymentPostprocessing = 0;
		};
/* End PBXSourcesBuildPhase section */

/* Begin PBXVariantGroup section */
		B165110E1FB3065F00743296 /* Main.storyboard */ = {
			isa = PBXVariantGroup;
			children = (
				B165110F1FB3065F00743296 /* Base */,
			);
			name = Main.storyboard;
			sourceTree = "<group>";
		};
		B16511131FB3065F00743296 /* LaunchScreen.storyboard */ = {
			isa = PBXVariantGroup;
			children = (
				B16511141FB3065F00743296 /* Base */,
			);
			name = LaunchScreen.storyboard;
			sourceTree = "<group>";
		};
/* End PBXVariantGroup section */

/* Begin XCBuildConfiguration section */
		B16511171FB3065F00743296 /* Debug */ = {
			isa = XCBuildConfiguration;
			buildSettings = {
				ALWAYS_SEARCH_USER_PATHS = NO;
				CLANG_ANALYZER_NONNULL = YES;
				CLANG_ANALYZER_NUMBER_OBJECT_CONVERSION = YES_AGGRESSIVE;
				CLANG_CXX_LANGUAGE_STANDARD = "gnu++0x";
				CLANG_CXX_LIBRARY = "libc++";
				CLANG_ENABLE_MODULES = YES;
				CLANG_ENABLE_OBJC_ARC = YES;
				CLANG_WARN_BOOL_CONVERSION = YES;
				CLANG_WARN_CONSTANT_CONVERSION = YES;
				CLANG_WARN_DIRECT_OBJC_ISA_USAGE = YES_ERROR;
				CLANG_WARN_DOCUMENTATION_COMMENTS = YES;
				CLANG_WARN_EMPTY_BODY = YES;
				CLANG_WARN_ENUM_CONVERSION = YES;
				CLANG_WARN_INFINITE_RECURSION = YES;
				CLANG_WARN_INT_CONVERSION = YES;
				CLANG_WARN_OBJC_ROOT_CLASS = YES_ERROR;
				CLANG_WARN_SUSPICIOUS_MOVE = YES;
				CLANG_WARN_UNREACHABLE_CODE = YES;
				CLANG_WARN__DUPLICATE_METHOD_MATCH = YES;
				"CODE_SIGN_IDENTITY[sdk=iphoneos*]" = "iPhone Developer";
				COPY_PHASE_STRIP = NO;
				DEBUG_INFORMATION_FORMAT = dwarf;
				ENABLE_STRICT_OBJC_MSGSEND = YES;
				ENABLE_TESTABILITY = YES;
				GCC_C_LANGUAGE_STANDARD = gnu99;
				GCC_DYNAMIC_NO_PIC = NO;
				GCC_NO_COMMON_BLOCKS = YES;
				GCC_OPTIMIZATION_LEVEL = 0;
				GCC_PREPROCESSOR_DEFINITIONS = (
					"DEBUG=1",
					"$(inherited)",
				);
				GCC_WARN_64_TO_32_BIT_CONVERSION = YES;
				GCC_WARN_ABOUT_RETURN_TYPE = YES_ERROR;
				GCC_WARN_UNDECLARED_SELECTOR = YES;
				GCC_WARN_UNINITIALIZED_AUTOS = YES_AGGRESSIVE;
				GCC_WARN_UNUSED_FUNCTION = YES;
				GCC_WARN_UNUSED_VARIABLE = YES;
				IPHONEOS_DEPLOYMENT_TARGET = 10.3;
				MTL_ENABLE_DEBUG_INFO = YES;
				ONLY_ACTIVE_ARCH = YES;
				SDKROOT = iphoneos;
				TARGETED_DEVICE_FAMILY = "1,2";
			};
			name = Debug;
		};
		B16511181FB3065F00743296 /* Release */ = {
			isa = XCBuildConfiguration;
			buildSettings = {
				ALWAYS_SEARCH_USER_PATHS = NO;
				CLANG_ANALYZER_NONNULL = YES;
				CLANG_ANALYZER_NUMBER_OBJECT_CONVERSION = YES_AGGRESSIVE;
				CLANG_CXX_LANGUAGE_STANDARD = "gnu++0x";
				CLANG_CXX_LIBRARY = "libc++";
				CLANG_ENABLE_MODULES = YES;
				CLANG_ENABLE_OBJC_ARC = YES;
				CLANG_WARN_BOOL_CONVERSION = YES;
				CLANG_WARN_CONSTANT_CONVERSION = YES;
				CLANG_WARN_DIRECT_OBJC_ISA_USAGE = YES_ERROR;
				CLANG_WARN_DOCUMENTATION_COMMENTS = YES;
				CLANG_WARN_EMPTY_BODY = YES;
				CLANG_WARN_ENUM_CONVERSION = YES;
				CLANG_WARN_INFINITE_RECURSION = YES;
				CLANG_WARN_INT_CONVERSION = YES;
				CLANG_WARN_OBJC_ROOT_CLASS = YES_ERROR;
				CLANG_WARN_SUSPICIOUS_MOVE = YES;
				CLANG_WARN_UNREACHABLE_CODE = YES;
				CLANG_WARN__DUPLICATE_METHOD_MATCH = YES;
				"CODE_SIGN_IDENTITY[sdk=iphoneos*]" = "iPhone Developer";
				COPY_PHASE_STRIP = NO;
				DEBUG_INFORMATION_FORMAT = "dwarf-with-dsym";
				ENABLE_NS_ASSERTIONS = NO;
				ENABLE_STRICT_OBJC_MSGSEND = YES;
				GCC_C_LANGUAGE_STANDARD = gnu99;
				GCC_NO_COMMON_BLOCKS = YES;
				GCC_WARN_64_TO_32_BIT_CONVERSION = YES;
				GCC_WARN_ABOUT_RETURN_TYPE = YES_ERROR;
				GCC_WARN_UNDECLARED_SELECTOR = YES;
				GCC_WARN_UNINITIALIZED_AUTOS = YES_AGGRESSIVE;
				GCC_WARN_UNUSED_FUNCTION = YES;
				GCC_WARN_UNUSED_VARIABLE = YES;
				IPHONEOS_DEPLOYMENT_TARGET = 10.3;
				MTL_ENABLE_DEBUG_INFO = NO;
				SDKROOT = iphoneos;
				TARGETED_DEVICE_FAMILY = "1,2";
				VALIDATE_PRODUCT = YES;
			};
			name = Release;
		};
		B165111A1FB3065F00743296 /* Debug */ = {
			isa = XCBuildConfiguration;
			buildSettings = {
				ASSETCATALOG_COMPILER_APPICON_NAME = AppIcon;
				INFOPLIST_FILE = YSDoubleSilderDemo/Info.plist;
				LD_RUNPATH_SEARCH_PATHS = "$(inherited) @executable_path/Frameworks";
				PRODUCT_BUNDLE_IDENTIFIER = com.BlueMobi.zerbra.YSDoubleSilderDemo;
				PRODUCT_NAME = "$(TARGET_NAME)";
			};
			name = Debug;
		};
		B165111B1FB3065F00743296 /* Release */ = {
			isa = XCBuildConfiguration;
			buildSettings = {
				ASSETCATALOG_COMPILER_APPICON_NAME = AppIcon;
				INFOPLIST_FILE = YSDoubleSilderDemo/Info.plist;
				LD_RUNPATH_SEARCH_PATHS = "$(inherited) @executable_path/Frameworks";
				PRODUCT_BUNDLE_IDENTIFIER = com.BlueMobi.zerbra.YSDoubleSilderDemo;
				PRODUCT_NAME = "$(TARGET_NAME)";
			};
			name = Release;
		};
/* End XCBuildConfiguration section */

/* Begin XCConfigurationList section */
		B16510FD1FB3065F00743296 /* Build configuration list for PBXProject "YSDoubleSilderDemo" */ = {
			isa = XCConfigurationList;
			buildConfigurations = (
				B16511171FB3065F00743296 /* Debug */,
				B16511181FB3065F00743296 /* Release */,
			);
			defaultConfigurationIsVisible = 0;
			defaultConfigurationName = Release;
		};
		B16511191FB3065F00743296 /* Build configuration list for PBXNativeTarget "YSDoubleSilderDemo" */ = {
			isa = XCConfigurationList;
			buildConfigurations = (
				B165111A1FB3065F00743296 /* Debug */,
				B165111B1FB3065F00743296 /* Release */,
			);
			defaultConfigurationIsVisible = 0;
		};
/* End XCConfigurationList section */
	};
	rootObject = B16510FA1FB3065F00743296 /* Project object */;
}
